
Microsoft Visual Studio Solution File, Format Version 12.00
# Visual Studio Version 17
VisualStudioVersion = 17.4.33213.308
MinimumVisualStudioVersion = 10.0.40219.1
Project("{FAE04EC0-301F-11D3-BF4B-00C04F79EFBC}") = "api_app", "api_app.csproj", "{792680C1-012F-429F-99ED-C3235392BE33}"
EndProject
Global
	GlobalSection(SolutionConfigurationPlatforms) = preSolution
		Debug|Any CPU = Debug|Any CPU
		Release|Any CPU = Release|Any CPU
	EndGlobalSection
	GlobalSection(ProjectConfigurationPlatforms) = postSolution
		{792680C1-012F-429F-99ED-C3235392BE33}.Debug|Any CPU.ActiveCfg = Debug|Any CPU
		{792680C1-012F-429F-99ED-C3235392BE33}.Debug|Any CPU.Build.0 = Debug|Any CPU
		{792680C1-012F-429F-99ED-C3235392BE33}.Release|Any CPU.ActiveCfg = Release|Any CPU
		{792680C1-012F-429F-99ED-C3235392BE33}.Release|Any CPU.Build.0 = Release|Any CPU
	EndGlobalSection
	GlobalSection(SolutionProperties) = preSolution
		HideSolutionNode = FALSE
	EndGlobalSection
	GlobalSection(ExtensibilityGlobals) = postSolution
		SolutionGuid = {3D21C643-4276-47DB-83B3-F9F79691D44D}
	EndGlobalSection
EndGlobal
